
Microsoft Visual Studio Solution File, Format Version 12.00
# Visual Studio Version 17
Project("{FAE04EC0-301F-11D3-BF4B-00C04F79EFBC}") = "AgentGenCli.Cli", "AgentGenCli.Cli\AgentGenCli.Cli.csproj", "{A1B2C3D4-E5F6-7890-ABCD-EF1234567890}"
EndProject
Project("{FAE04EC0-301F-11D3-BF4B-00C04F79EFBC}") = "AgentGenCli.Cli.Tests", "AgentGenCli.Cli.Tests\AgentGenCli.Cli.Tests.csproj", "{B2C3D4E5-F6A7-8901-BCDE-F12345678901}"
EndProject
Project("{FAE04EC0-301F-11D3-BF4B-00C04F79EFBC}") = "AgentGenCli.Cqrs", "AgentGenCli.Cqrs\AgentGenCli.Cqrs.csproj", "{1C90B3AF-70E2-4ACD-B782-CAA9BACD1F17}"
EndProject
Project("{FAE04EC0-301F-11D3-BF4B-00C04F79EFBC}") = "AgentGenCli.Cqrs.EfCore", "AgentGenCli.Cqrs.EfCore\AgentGenCli.Cqrs.EfCore.csproj", "{86465033-9A8B-44D5-867F-8B63C1B30E4D}"
EndProject
Project("{FAE04EC0-301F-11D3-BF4B-00C04F79EFBC}") = "AgentGenCli.Cqrs.Tests", "AgentGenCli.Cqrs.Tests\AgentGenCli.Cqrs.Tests.csproj", "{5D3E5617-1665-46BF-9921-4713145709B2}"
EndProject
Project("{FAE04EC0-301F-11D3-BF4B-00C04F79EFBC}") = "AgentGenCli.Cqrs.EfCore.Tests", "AgentGenCli.Cqrs.EfCore.Tests\AgentGenCli.Cqrs.EfCore.Tests.csproj", "{B9976E4F-E14E-46CB-A36C-393722EF7439}"
EndProject
Global
	GlobalSection(SolutionConfigurationPlatforms) = preSolution
		Debug|Any CPU = Debug|Any CPU
		Debug|x64 = Debug|x64
		Debug|x86 = Debug|x86
		Release|Any CPU = Release|Any CPU
		Release|x64 = Release|x64
		Release|x86 = Release|x86
	EndGlobalSection
	GlobalSection(ProjectConfigurationPlatforms) = postSolution
		{A1B2C3D4-E5F6-7890-ABCD-EF1234567890}.Debug|Any CPU.ActiveCfg = Debug|Any CPU
		{A1B2C3D4-E5F6-7890-ABCD-EF1234567890}.Debug|Any CPU.Build.0 = Debug|Any CPU
		{A1B2C3D4-E5F6-7890-ABCD-EF1234567890}.Debug|x64.ActiveCfg = Debug|Any CPU
		{A1B2C3D4-E5F6-7890-ABCD-EF1234567890}.Debug|x64.Build.0 = Debug|Any CPU
		{A1B2C3D4-E5F6-7890-ABCD-EF1234567890}.Debug|x86.ActiveCfg = Debug|Any CPU
		{A1B2C3D4-E5F6-7890-ABCD-EF1234567890}.Debug|x86.Build.0 = Debug|Any CPU
		{A1B2C3D4-E5F6-7890-ABCD-EF1234567890}.Release|Any CPU.ActiveCfg = Release|Any CPU
		{A1B2C3D4-E5F6-7890-ABCD-EF1234567890}.Release|Any CPU.Build.0 = Release|Any CPU
		{A1B2C3D4-E5F6-7890-ABCD-EF1234567890}.Release|x64.ActiveCfg = Release|Any CPU
		{A1B2C3D4-E5F6-7890-ABCD-EF1234567890}.Release|x64.Build.0 = Release|Any CPU
		{A1B2C3D4-E5F6-7890-ABCD-EF1234567890}.Release|x86.ActiveCfg = Release|Any CPU
		{A1B2C3D4-E5F6-7890-ABCD-EF1234567890}.Release|x86.Build.0 = Release|Any CPU
		{B2C3D4E5-F6A7-8901-BCDE-F12345678901}.Debug|Any CPU.ActiveCfg = Debug|Any CPU
		{B2C3D4E5-F6A7-8901-BCDE-F12345678901}.Debug|Any CPU.Build.0 = Debug|Any CPU
		{B2C3D4E5-F6A7-8901-BCDE-F12345678901}.Debug|x64.ActiveCfg = Debug|Any CPU
		{B2C3D4E5-F6A7-8901-BCDE-F12345678901}.Debug|x64.Build.0 = Debug|Any CPU
		{B2C3D4E5-F6A7-8901-BCDE-F12345678901}.Debug|x86.ActiveCfg = Debug|Any CPU
		{B2C3D4E5-F6A7-8901-BCDE-F12345678901}.Debug|x86.Build.0 = Debug|Any CPU
		{B2C3D4E5-F6A7-8901-BCDE-F12345678901}.Release|Any CPU.ActiveCfg = Release|Any CPU
		{B2C3D4E5-F6A7-8901-BCDE-F12345678901}.Release|Any CPU.Build.0 = Release|Any CPU
		{B2C3D4E5-F6A7-8901-BCDE-F12345678901}.Release|x64.ActiveCfg = Release|Any CPU
		{B2C3D4E5-F6A7-8901-BCDE-F12345678901}.Release|x64.Build.0 = Release|Any CPU
		{B2C3D4E5-F6A7-8901-BCDE-F12345678901}.Release|x86.ActiveCfg = Release|Any CPU
		{B2C3D4E5-F6A7-8901-BCDE-F12345678901}.Release|x86.Build.0 = Release|Any CPU
		{1C90B3AF-70E2-4ACD-B782-CAA9BACD1F17}.Debug|Any CPU.ActiveCfg = Debug|Any CPU
		{1C90B3AF-70E2-4ACD-B782-CAA9BACD1F17}.Debug|Any CPU.Build.0 = Debug|Any CPU
		{1C90B3AF-70E2-4ACD-B782-CAA9BACD1F17}.Debug|x64.ActiveCfg = Debug|Any CPU
		{1C90B3AF-70E2-4ACD-B782-CAA9BACD1F17}.Debug|x64.Build.0 = Debug|Any CPU
		{1C90B3AF-70E2-4ACD-B782-CAA9BACD1F17}.Debug|x86.ActiveCfg = Debug|Any CPU
		{1C90B3AF-70E2-4ACD-B782-CAA9BACD1F17}.Debug|x86.Build.0 = Debug|Any CPU
		{1C90B3AF-70E2-4ACD-B782-CAA9BACD1F17}.Release|Any CPU.ActiveCfg = Release|Any CPU
		{1C90B3AF-70E2-4ACD-B782-CAA9BACD1F17}.Release|Any CPU.Build.0 = Release|Any CPU
		{1C90B3AF-70E2-4ACD-B782-CAA9BACD1F17}.Release|x64.ActiveCfg = Release|Any CPU
		{1C90B3AF-70E2-4ACD-B782-CAA9BACD1F17}.Release|x64.Build.0 = Release|Any CPU
		{1C90B3AF-70E2-4ACD-B782-CAA9BACD1F17}.Release|x86.ActiveCfg = Release|Any CPU
		{1C90B3AF-70E2-4ACD-B782-CAA9BACD1F17}.Release|x86.Build.0 = Release|Any CPU
		{86465033-9A8B-44D5-867F-8B63C1B30E4D}.Debug|Any CPU.ActiveCfg = Debug|Any CPU
		{86465033-9A8B-44D5-867F-8B63C1B30E4D}.Debug|Any CPU.Build.0 = Debug|Any CPU
		{86465033-9A8B-44D5-867F-8B63C1B30E4D}.Debug|x64.ActiveCfg = Debug|Any CPU
		{86465033-9A8B-44D5-867F-8B63C1B30E4D}.Debug|x64.Build.0 = Debug|Any CPU
		{86465033-9A8B-44D5-867F-8B63C1B30E4D}.Debug|x86.ActiveCfg = Debug|Any CPU
		{86465033-9A8B-44D5-867F-8B63C1B30E4D}.Debug|x86.Build.0 = Debug|Any CPU
		{86465033-9A8B-44D5-867F-8B63C1B30E4D}.Release|Any CPU.ActiveCfg = Release|Any CPU
		{86465033-9A8B-44D5-867F-8B63C1B30E4D}.Release|Any CPU.Build.0 = Release|Any CPU
		{86465033-9A8B-44D5-867F-8B63C1B30E4D}.Release|x64.ActiveCfg = Release|Any CPU
		{86465033-9A8B-44D5-867F-8B63C1B30E4D}.Release|x64.Build.0 = Release|Any CPU
		{86465033-9A8B-44D5-867F-8B63C1B30E4D}.Release|x86.ActiveCfg = Release|Any CPU
		{86465033-9A8B-44D5-867F-8B63C1B30E4D}.Release|x86.Build.0 = Release|Any CPU
		{5D3E5617-1665-46BF-9921-4713145709B2}.Debug|Any CPU.ActiveCfg = Debug|Any CPU
		{5D3E5617-1665-46BF-9921-4713145709B2}.Debug|Any CPU.Build.0 = Debug|Any CPU
		{5D3E5617-1665-46BF-9921-4713145709B2}.Debug|x64.ActiveCfg = Debug|Any CPU
		{5D3E5617-1665-46BF-9921-4713145709B2}.Debug|x64.Build.0 = Debug|Any CPU
		{5D3E5617-1665-46BF-9921-4713145709B2}.Debug|x86.ActiveCfg = Debug|Any CPU
		{5D3E5617-1665-46BF-9921-4713145709B2}.Debug|x86.Build.0 = Debug|Any CPU
		{5D3E5617-1665-46BF-9921-4713145709B2}.Release|Any CPU.ActiveCfg = Release|Any CPU
		{5D3E5617-1665-46BF-9921-4713145709B2}.Release|Any CPU.Build.0 = Release|Any CPU
		{5D3E5617-1665-46BF-9921-4713145709B2}.Release|x64.ActiveCfg = Release|Any CPU
		{5D3E5617-1665-46BF-9921-4713145709B2}.Release|x64.Build.0 = Release|Any CPU
		{5D3E5617-1665-46BF-9921-4713145709B2}.Release|x86.ActiveCfg = Release|Any CPU
		{5D3E5617-1665-46BF-9921-4713145709B2}.Release|x86.Build.0 = Release|Any CPU
		{B9976E4F-E14E-46CB-A36C-393722EF7439}.Debug|Any CPU.ActiveCfg = Debug|Any CPU
		{B9976E4F-E14E-46CB-A36C-393722EF7439}.Debug|Any CPU.Build.0 = Debug|Any CPU
		{B9976E4F-E14E-46CB-A36C-393722EF7439}.Debug|x64.ActiveCfg = Debug|Any CPU
		{B9976E4F-E14E-46CB-A36C-393722EF7439}.Debug|x64.Build.0 = Debug|Any CPU
		{B9976E4F-E14E-46CB-A36C-393722EF7439}.Debug|x86.ActiveCfg = Debug|Any CPU
		{B9976E4F-E14E-46CB-A36C-393722EF7439}.Debug|x86.Build.0 = Debug|Any CPU
		{B9976E4F-E14E-46CB-A36C-393722EF7439}.Release|Any CPU.ActiveCfg = Release|Any CPU
		{B9976E4F-E14E-46CB-A36C-393722EF7439}.Release|Any CPU.Build.0 = Release|Any CPU
		{B9976E4F-E14E-46CB-A36C-393722EF7439}.Release|x64.ActiveCfg = Release|Any CPU
		{B9976E4F-E14E-46CB-A36C-393722EF7439}.Release|x64.Build.0 = Release|Any CPU
		{B9976E4F-E14E-46CB-A36C-393722EF7439}.Release|x86.ActiveCfg = Release|Any CPU
		{B9976E4F-E14E-46CB-A36C-393722EF7439}.Release|x86.Build.0 = Release|Any CPU
	EndGlobalSection
	GlobalSection(SolutionProperties) = preSolution
		HideSolutionNode = FALSE
	EndGlobalSection
EndGlobal
